{
  "name": "@fidelity/hub",
  "version": "0.0.0",
  "lockfileVersion": 3,
  "requires": true,
  "packages": {
    "": {
      "name": "@fidelity/hub",
      "version": "0.0.0",
      "dependencies": {
        "@hono/node-server": "^1.19.5",
        "hono": "^4.9.10",
        "zod": "^4.4.3"
      },
      "engines": {
        "node": ">=22.5"
      }
    },
    "node_modules/@hono/node-server": {
      "version": "1.19.17",
      "resolved": "https://registry.npmjs.org/@hono/node-server/-/node-server-1.19.17.tgz",
      "integrity": "sha512-dSneS5qhiauZWGDCeK4o695Xd9nUNjviSZCMQrj10eetr8Uln1ucn6bbphOM6UynAMMtNIzZNSpL9vnASJwrPQ==",
      "license": "MIT",
      "engines": {
        "node": ">=18.14.1"
      },
      "peerDependencies": {
        "hono": "^4"
      }
    },
    "node_modules/hono": {
      "version": "4.13.1",
      "resolved": "https://registry.npmjs.org/hono/-/hono-4.13.1.tgz",
      "integrity": "sha512-kdJoFVv2xmayw6cY09H7AbMJMt8Jn5jdlEdXsP7AGBdF2DIptVlKlOLKXP41yPip4/a3yQPv9gVcJYI8YY04dw==",
      "license": "MIT",
      "engines": {
        "node": ">=16.9.0"
      }
    },
    "node_modules/zod": {
      "version": "4.4.3",
      "resolved": "https://registry.npmjs.org/zod/-/zod-4.4.3.tgz",
      "integrity": "sha512-ytENFjIJFl2UwYglde2jchW2Hwm4GJFLDiSXWdTrJQBIN9Fcyp7n4DhxJEiWNAJMV1/BqWfW/kkg71UDcHJyTQ==",
      "license": "MIT",
      "funding": {
        "url": "https://github.com/sponsors/colinhacks"
      }
    }
  }
}
